// !$*UTF8*$!
{
	archiveVersion = 1;
	classes = {
	};
	objectVersion = 55;
	objects = {

/* Begin PBXBuildFile section */
		A7D184DF4CC2679B7A282FAB /* Pods_LearningApp.framework in Frameworks */ = {isa = PBXBuildFile; fileRef = 8546F9D74D83F03BA4B6D7A3 /* Pods_LearningApp.framework */; };
		B128DE2B286A43FC004AD7E2 /* LearningApp.swift in Sources */ = {isa = PBXBuildFile; fileRef = B128DE2A286A43FC004AD7E2 /* LearningApp.swift */; };
		B128DE2D286A43FC004AD7E2 /* HomeView.swift in Sources */ = {isa = PBXBuildFile; fileRef = B128DE2C286A43FC004AD7E2 /* HomeView.swift */; };
		B128DE2F286A43FD004AD7E2 /* Assets.xcassets in Resources */ = {isa = PBXBuildFile; fileRef = B128DE2E286A43FD004AD7E2 /* Assets.xcassets */; };
		B128DE32286A43FD004AD7E2 /* Preview Assets.xcassets in Resources */ = {isa = PBXBuildFile; fileRef = B128DE31286A43FD004AD7E2 /* Preview Assets.xcassets */; };
		B128DE3E286A4667004AD7E2 /* ContentModel.swift in Sources */ = {isa = PBXBuildFile; fileRef = B128DE3D286A4667004AD7E2 /* ContentModel.swift */; };
		B12D6C33287A493F00C59E68 /* LoginView.swift in Sources */ = {isa = PBXBuildFile; fileRef = B12D6C32287A493F00C59E68 /* LoginView.swift */; };
		B12D6C37287A499700C59E68 /* ProfileView.swift in Sources */ = {isa = PBXBuildFile; fileRef = B12D6C36287A499700C59E68 /* ProfileView.swift */; };
		B12D6C39287A49A400C59E68 /* LaunchView.swift in Sources */ = {isa = PBXBuildFile; fileRef = B12D6C38287A49A400C59E68 /* LaunchView.swift */; };
		B12D6C3B287A549C00C59E68 /* UserService.swift in Sources */ = {isa = PBXBuildFile; fileRef = B12D6C3A287A549C00C59E68 /* UserService.swift */; };
		B12E67C3286E4D13008EC855 /* TestView.swift in Sources */ = {isa = PBXBuildFile; fileRef = B12E67C2286E4D13008EC855 /* TestView.swift */; };
		B1397F09286A485300C1071F /* data.json in Resources */ = {isa = PBXBuildFile; fileRef = B1397F07286A485300C1071F /* data.json */; };
		B1397F0A286A485300C1071F /* style.html in Resources */ = {isa = PBXBuildFile; fileRef = B1397F08286A485300C1071F /* style.html */; };
		B1397F0C286A646E00C1071F /* Models.swift in Sources */ = {isa = PBXBuildFile; fileRef = B1397F0B286A646E00C1071F /* Models.swift */; };
		B1397F0E286A784E00C1071F /* HomeViewRow.swift in Sources */ = {isa = PBXBuildFile; fileRef = B1397F0D286A784E00C1071F /* HomeViewRow.swift */; };
		B1397F14286A9F5800C1071F /* ContentView.swift in Sources */ = {isa = PBXBuildFile; fileRef = B1397F13286A9F5800C1071F /* ContentView.swift */; };
		B1397F16286AA57400C1071F /* ContentViewRow.swift in Sources */ = {isa = PBXBuildFile; fileRef = B1397F15286AA57400C1071F /* ContentViewRow.swift */; };
		B1397F1A286AAF6700C1071F /* ContentDetailView.swift in Sources */ = {isa = PBXBuildFile; fileRef = B1397F19286AAF6700C1071F /* ContentDetailView.swift */; };
		B1397F1D286AB12500C1071F /* AVKit.framework in Frameworks */ = {isa = PBXBuildFile; fileRef = B1397F1C286AB12500C1071F /* AVKit.framework */; };
		B1397F1F286AB35900C1071F /* Constants.swift in Sources */ = {isa = PBXBuildFile; fileRef = B1397F1E286AB35900C1071F /* Constants.swift */; };
		B1669DB4286B827200BED8CA /* CodeTextView.swift in Sources */ = {isa = PBXBuildFile; fileRef = B1669DB3286B827200BED8CA /* CodeTextView.swift */; };
		B1669DEE286BB96800BED8CA /* RectangleCard.swift in Sources */ = {isa = PBXBuildFile; fileRef = B1669DED286BB96800BED8CA /* RectangleCard.swift */; };
		B1EBB9F12878F95E006FA44E /* GoogleService-Info.plist in Resources */ = {isa = PBXBuildFile; fileRef = B1EBB9F02878F95E006FA44E /* GoogleService-Info.plist */; };
		B1EF034A286E57FD004BFD17 /* TestResultView.swift in Sources */ = {isa = PBXBuildFile; fileRef = B1EF0349286E57FD004BFD17 /* TestResultView.swift */; };
/* End PBXBuildFile section */

/* Begin PBXFileReference section */
		8546F9D74D83F03BA4B6D7A3 /* Pods_LearningApp.framework */ = {isa = PBXFileReference; explicitFileType = wrapper.framework; includeInIndex = 0; path = Pods_LearningApp.framework; sourceTree = BUILT_PRODUCTS_DIR; };
		B128DE27286A43FC004AD7E2 /* LearningApp.app */ = {isa = PBXFileReference; explicitFileType = wrapper.application; includeInIndex = 0; path = LearningApp.app; sourceTree = BUILT_PRODUCTS_DIR; };
		B128DE2A286A43FC004AD7E2 /* LearningApp.swift */ = {isa = PBXFileReference; lastKnownFileType = sourcecode.swift; path = LearningApp.swift; sourceTree = "<group>"; };
		B128DE2C286A43FC004AD7E2 /* HomeView.swift */ = {isa = PBXFileReference; lastKnownFileType = sourcecode.swift; path = HomeView.swift; sourceTree = "<group>"; };
		B128DE2E286A43FD004AD7E2 /* Assets.xcassets */ = {isa = PBXFileReference; lastKnownFileType = folder.assetcatalog; path = Assets.xcassets; sourceTree = "<group>"; };
		B128DE31286A43FD004AD7E2 /* Preview Assets.xcassets */ = {isa = PBXFileReference; lastKnownFileType = folder.assetcatalog; path = "Preview Assets.xcassets"; sourceTree = "<group>"; };
		B128DE3D286A4667004AD7E2 /* ContentModel.swift */ = {isa = PBXFileReference; lastKnownFileType = sourcecode.swift; path = ContentModel.swift; sourceTree = "<group>"; };
		B12D6C32287A493F00C59E68 /* LoginView.swift */ = {isa = PBXFileReference; lastKnownFileType = sourcecode.swift; path = LoginView.swift; sourceTree = "<group>"; };
		B12D6C36287A499700C59E68 /* ProfileView.swift */ = {isa = PBXFileReference; lastKnownFileType = sourcecode.swift; path = ProfileView.swift; sourceTree = "<group>"; };
		B12D6C38287A49A400C59E68 /* LaunchView.swift */ = {isa = PBXFileReference; lastKnownFileType = sourcecode.swift; path = LaunchView.swift; sourceTree = "<group>"; };
		B12D6C3A287A549C00C59E68 /* UserService.swift */ = {isa = PBXFileReference; lastKnownFileType = sourcecode.swift; path = UserService.swift; sourceTree = "<group>"; };
		B12E67C2286E4D13008EC855 /* TestView.swift */ = {isa = PBXFileReference; lastKnownFileType = sourcecode.swift; path = TestView.swift; sourceTree = "<group>"; };
		B1397F07286A485300C1071F /* data.json */ = {isa = PBXFileReference; fileEncoding = 4; lastKnownFileType = text.json; path = data.json; sourceTree = "<group>"; };
		B1397F08286A485300C1071F /* style.html */ = {isa = PBXFileReference; fileEncoding = 4; lastKnownFileType = text.html; path = style.html; sourceTree = "<group>"; };
		B1397F0B286A646E00C1071F /* Models.swift */ = {isa = PBXFileReference; lastKnownFileType = sourcecode.swift; path = Models.swift; sourceTree = "<group>"; };
		B1397F0D286A784E00C1071F /* HomeViewRow.swift */ = {isa = PBXFileReference; lastKnownFileType = sourcecode.swift; path = HomeViewRow.swift; sourceTree = "<group>"; };
		B1397F13286A9F5800C1071F /* ContentView.swift */ = {isa = PBXFileReference; lastKnownFileType = sourcecode.swift; path = ContentView.swift; sourceTree = "<group>"; };
		B1397F15286AA57400C1071F /* ContentViewRow.swift */ = {isa = PBXFileReference; lastKnownFileType = sourcecode.swift; path = ContentViewRow.swift; sourceTree = "<group>"; };
		B1397F19286AAF6700C1071F /* ContentDetailView.swift */ = {isa = PBXFileReference; lastKnownFileType = sourcecode.swift; path = ContentDetailView.swift; sourceTree = "<group>"; };
		B1397F1C286AB12500C1071F /* AVKit.framework */ = {isa = PBXFileReference; lastKnownFileType = wrapper.framework; name = AVKit.framework; path = System/Library/Frameworks/AVKit.framework; sourceTree = SDKROOT; };
		B1397F1E286AB35900C1071F /* Constants.swift */ = {isa = PBXFileReference; lastKnownFileType = sourcecode.swift; path = Constants.swift; sourceTree = "<group>"; };
		B1669DB3286B827200BED8CA /* CodeTextView.swift */ = {isa = PBXFileReference; lastKnownFileType = sourcecode.swift; path = CodeTextView.swift; sourceTree = "<group>"; };
		B1669DED286BB96800BED8CA /* RectangleCard.swift */ = {isa = PBXFileReference; lastKnownFileType = sourcecode.swift; path = RectangleCard.swift; sourceTree = "<group>"; };
		B18440122DFF1515AD35571B /* Pods-LearningApp.debug.xcconfig */ = {isa = PBXFileReference; includeInIndex = 1; lastKnownFileType = text.xcconfig; name = "Pods-LearningApp.debug.xcconfig"; path = "Target Support Files/Pods-LearningApp/Pods-LearningApp.debug.xcconfig"; sourceTree = "<group>"; };
		B1EBB9F02878F95E006FA44E /* GoogleService-Info.plist */ = {isa = PBXFileReference; fileEncoding = 4; lastKnownFileType = text.plist.xml; path = "GoogleService-Info.plist"; sourceTree = "<group>"; };
		B1EF0349286E57FD004BFD17 /* TestResultView.swift */ = {isa = PBXFileReference; lastKnownFileType = sourcecode.swift; path = TestResultView.swift; sourceTree = "<group>"; };
		DCACDDCCB08B341D36681F64 /* Pods-LearningApp.release.xcconfig */ = {isa = PBXFileReference; includeInIndex = 1; lastKnownFileType = text.xcconfig; name = "Pods-LearningApp.release.xcconfig"; path = "Target Support Files/Pods-LearningApp/Pods-LearningApp.release.xcconfig"; sourceTree = "<group>"; };
/* End PBXFileReference section */

/* Begin PBXFrameworksBuildPhase section */
		B128DE24286A43FC004AD7E2 /* Frameworks */ = {
			isa = PBXFrameworksBuildPhase;
			buildActionMask = 2147483647;
			files = (
				B1397F1D286AB12500C1071F /* AVKit.framework in Frameworks */,
				A7D184DF4CC2679B7A282FAB /* Pods_LearningApp.framework in Frameworks */,
			);
			runOnlyForDeploymentPostprocessing = 0;
		};
/* End PBXFrameworksBuildPhase section */

/* Begin PBXGroup section */
		B128DE1E286A43FC004AD7E2 = {
			isa = PBXGroup;
			children = (
				B128DE29286A43FC004AD7E2 /* LearningApp */,
				B128DE28286A43FC004AD7E2 /* Products */,
				B1397F1B286AB12400C1071F /* Frameworks */,
				DF60CF80A9BEE7CBBB6C3245 /* Pods */,
			);
			sourceTree = "<group>";
		};
		B128DE28286A43FC004AD7E2 /* Products */ = {
			isa = PBXGroup;
			children = (
				B128DE27286A43FC004AD7E2 /* LearningApp.app */,
			);
			name = Products;
			sourceTree = "<group>";
		};
		B128DE29286A43FC004AD7E2 /* LearningApp */ = {
			isa = PBXGroup;
			children = (
				B128DE2A286A43FC004AD7E2 /* LearningApp.swift */,
				B128DE3A286A4628004AD7E2 /* Models */,
				B128DE39286A4624004AD7E2 /* ViewModels */,
				B128DE38286A4621004AD7E2 /* Views */,
				B128DE3B286A462F004AD7E2 /* Resources */,
				B128DE3C286A4635004AD7E2 /* Helpers */,
				B128DE2E286A43FD004AD7E2 /* Assets.xcassets */,
				B1EBB9F02878F95E006FA44E /* GoogleService-Info.plist */,
				B128DE30286A43FD004AD7E2 /* Preview Content */,
			);
			path = LearningApp;
			sourceTree = "<group>";
		};
		B128DE30286A43FD004AD7E2 /* Preview Content */ = {
			isa = PBXGroup;
			children = (
				B128DE31286A43FD004AD7E2 /* Preview Assets.xcassets */,
			);
			path = "Preview Content";
			sourceTree = "<group>";
		};
		B128DE38286A4621004AD7E2 /* Views */ = {
			isa = PBXGroup;
			children = (
				B12D6C38287A49A400C59E68 /* LaunchView.swift */,
				B12D6C31287A490700C59E68 /* Common */,
				B12D6C30287A490300C59E68 /* Test */,
				B12D6C2F287A48FF00C59E68 /* Lesson */,
				B12D6C2E287A48FB00C59E68 /* Home */,
				B12D6C2D287A48F400C59E68 /* Account */,
			);
			path = Views;
			sourceTree = "<group>";
		};
		B128DE39286A4624004AD7E2 /* ViewModels */ = {
			isa = PBXGroup;
			children = (
				B128DE3D286A4667004AD7E2 /* ContentModel.swift */,
			);
			path = ViewModels;
			sourceTree = "<group>";
		};
		B128DE3A286A4628004AD7E2 /* Models */ = {
			isa = PBXGroup;
			children = (
				B1397F0B286A646E00C1071F /* Models.swift */,
			);
			path = Models;
			sourceTree = "<group>";
		};
		B128DE3B286A462F004AD7E2 /* Resources */ = {
			isa = PBXGroup;
			children = (
				B1397F07286A485300C1071F /* data.json */,
				B1397F08286A485300C1071F /* style.html */,
			);
			path = Resources;
			sourceTree = "<group>";
		};
		B128DE3C286A4635004AD7E2 /* Helpers */ = {
			isa = PBXGroup;
			children = (
				B1397F1E286AB35900C1071F /* Constants.swift */,
				B12D6C3A287A549C00C59E68 /* UserService.swift */,
			);
			path = Helpers;
			sourceTree = "<group>";
		};
		B12D6C2D287A48F400C59E68 /* Account */ = {
			isa = PBXGroup;
			children = (
				B12D6C32287A493F00C59E68 /* LoginView.swift */,
				B12D6C36287A499700C59E68 /* ProfileView.swift */,
			);
			path = Account;
			sourceTree = "<group>";
		};
		B12D6C2E287A48FB00C59E68 /* Home */ = {
			isa = PBXGroup;
			children = (
				B128DE2C286A43FC004AD7E2 /* HomeView.swift */,
				B1397F0D286A784E00C1071F /* HomeViewRow.swift */,
			);
			path = Home;
			sourceTree = "<group>";
		};
		B12D6C2F287A48FF00C59E68 /* Lesson */ = {
			isa = PBXGroup;
			children = (
				B1397F13286A9F5800C1071F /* ContentView.swift */,
				B1397F15286AA57400C1071F /* ContentViewRow.swift */,
				B1397F19286AAF6700C1071F /* ContentDetailView.swift */,
			);
			path = Lesson;
			sourceTree = "<group>";
		};
		B12D6C30287A490300C59E68 /* Test */ = {
			isa = PBXGroup;
			children = (
				B12E67C2286E4D13008EC855 /* TestView.swift */,
				B1EF0349286E57FD004BFD17 /* TestResultView.swift */,
			);
			path = Test;
			sourceTree = "<group>";
		};
		B12D6C31287A490700C59E68 /* Common */ = {
			isa = PBXGroup;
			children = (
				B1669DB3286B827200BED8CA /* CodeTextView.swift */,
				B1669DED286BB96800BED8CA /* RectangleCard.swift */,
			);
			path = Common;
			sourceTree = "<group>";
		};
		B1397F1B286AB12400C1071F /* Frameworks */ = {
			isa = PBXGroup;
			children = (
				B1397F1C286AB12500C1071F /* AVKit.framework */,
				8546F9D74D83F03BA4B6D7A3 /* Pods_LearningApp.framework */,
			);
			name = Frameworks;
			sourceTree = "<group>";
		};
		DF60CF80A9BEE7CBBB6C3245 /* Pods */ = {
			isa = PBXGroup;
			children = (
				B18440122DFF1515AD35571B /* Pods-LearningApp.debug.xcconfig */,
				DCACDDCCB08B341D36681F64 /* Pods-LearningApp.release.xcconfig */,
			);
			path = Pods;
			sourceTree = "<group>";
		};
/* End PBXGroup section */

/* Begin PBXNativeTarget section */
		B128DE26286A43FC004AD7E2 /* LearningApp */ = {
			isa = PBXNativeTarget;
			buildConfigurationList = B128DE35286A43FD004AD7E2 /* Build configuration list for PBXNativeTarget "LearningApp" */;
			buildPhases = (
				9B37AA6412DC4365AA90CEC2 /* [CP] Check Pods Manifest.lock */,
				B128DE23286A43FC004AD7E2 /* Sources */,
				B128DE24286A43FC004AD7E2 /* Frameworks */,
				B128DE25286A43FC004AD7E2 /* Resources */,
				025B2ECFE493EDBCC24FC75D /* [CP] Embed Pods Frameworks */,
			);
			buildRules = (
			);
			dependencies = (
			);
			name = LearningApp;
			productName = LearningApp;
			productReference = B128DE27286A43FC004AD7E2 /* LearningApp.app */;
			productType = "com.apple.product-type.application";
		};
/* End PBXNativeTarget section */

/* Begin PBXProject section */
		B128DE1F286A43FC004AD7E2 /* Project object */ = {
			isa = PBXProject;
			attributes = {
				BuildIndependentTargetsInParallel = 1;
				LastSwiftUpdateCheck = 1340;
				LastUpgradeCheck = 1340;
				TargetAttributes = {
					B128DE26286A43FC004AD7E2 = {
						CreatedOnToolsVersion = 13.4.1;
					};
				};
			};
			buildConfigurationList = B128DE22286A43FC004AD7E2 /* Build configuration list for PBXProject "LearningApp" */;
			compatibilityVersion = "Xcode 13.0";
			developmentRegion = en;
			hasScannedForEncodings = 0;
			knownRegions = (
				en,
				Base,
			);
			mainGroup = B128DE1E286A43FC004AD7E2;
			productRefGroup = B128DE28286A43FC004AD7E2 /* Products */;
			projectDirPath = "";
			projectRoot = "";
			targets = (
				B128DE26286A43FC004AD7E2 /* LearningApp */,
			);
		};
/* End PBXProject section */

/* Begin PBXResourcesBuildPhase section */
		B128DE25286A43FC004AD7E2 /* Resources */ = {
			isa = PBXResourcesBuildPhase;
			buildActionMask = 2147483647;
			files = (
				B128DE32286A43FD004AD7E2 /* Preview Assets.xcassets in Resources */,
				B1397F09286A485300C1071F /* data.json in Resources */,
				B1EBB9F12878F95E006FA44E /* GoogleService-Info.plist in Resources */,
				B1397F0A286A485300C1071F /* style.html in Resources */,
				B128DE2F286A43FD004AD7E2 /* Assets.xcassets in Resources */,
			);
			runOnlyForDeploymentPostprocessing = 0;
		};
/* End PBXResourcesBuildPhase section */

/* Begin PBXShellScriptBuildPhase section */
		025B2ECFE493EDBCC24FC75D /* [CP] Embed Pods Frameworks */ = {
			isa = PBXShellScriptBuildPhase;
			buildActionMask = 2147483647;
			files = (
			);
			inputFileListPaths = (
				"${PODS_ROOT}/Target Support Files/Pods-LearningApp/Pods-LearningApp-frameworks-${CONFIGURATION}-input-files.xcfilelist",
			);
			name = "[CP] Embed Pods Frameworks";
			outputFileListPaths = (
				"${PODS_ROOT}/Target Support Files/Pods-LearningApp/Pods-LearningApp-frameworks-${CONFIGURATION}-output-files.xcfilelist",
			);
			runOnlyForDeploymentPostprocessing = 0;
			shellPath = /bin/sh;
			shellScript = "\"${PODS_ROOT}/Target Support Files/Pods-LearningApp/Pods-LearningApp-frameworks.sh\"\n";
			showEnvVarsInLog = 0;
		};
		9B37AA6412DC4365AA90CEC2 /* [CP] Check Pods Manifest.lock */ = {
			isa = PBXShellScriptBuildPhase;
			buildActionMask = 2147483647;
			files = (
			);
			inputFileListPaths = (
			);
			inputPaths = (
				"${PODS_PODFILE_DIR_PATH}/Podfile.lock",
				"${PODS_ROOT}/Manifest.lock",
			);
			name = "[CP] Check Pods Manifest.lock";
			outputFileListPaths = (
			);
			outputPaths = (
				"$(DERIVED_FILE_DIR)/Pods-LearningApp-checkManifestLockResult.txt",
			);
			runOnlyForDeploymentPostprocessing = 0;
			shellPath = /bin/sh;
			shellScript = "diff \"${PODS_PODFILE_DIR_PATH}/Podfile.lock\" \"${PODS_ROOT}/Manifest.lock\" > /dev/null\nif [ $? != 0 ] ; then\n    # print error to STDERR\n    echo \"error: The sandbox is not in sync with the Podfile.lock. Run 'pod install' or update your CocoaPods installation.\" >&2\n    exit 1\nfi\n# This output is used by Xcode 'outputs' to avoid re-running this script phase.\necho \"SUCCESS\" > \"${SCRIPT_OUTPUT_FILE_0}\"\n";
			showEnvVarsInLog = 0;
		};
/* End PBXShellScriptBuildPhase section */

/* Begin PBXSourcesBuildPhase section */
		B128DE23286A43FC004AD7E2 /* Sources */ = {
			isa = PBXSourcesBuildPhase;
			buildActionMask = 2147483647;
			files = (
				B12E67C3286E4D13008EC855 /* TestView.swift in Sources */,
				B12D6C39287A49A400C59E68 /* LaunchView.swift in Sources */,
				B1EF034A286E57FD004BFD17 /* TestResultView.swift in Sources */,
				B128DE2D286A43FC004AD7E2 /* HomeView.swift in Sources */,
				B1397F0E286A784E00C1071F /* HomeViewRow.swift in Sources */,
				B1397F14286A9F5800C1071F /* ContentView.swift in Sources */,
				B12D6C3B287A549C00C59E68 /* UserService.swift in Sources */,
				B1397F1A286AAF6700C1071F /* ContentDetailView.swift in Sources */,
				B128DE2B286A43FC004AD7E2 /* LearningApp.swift in Sources */,
				B12D6C37287A499700C59E68 /* ProfileView.swift in Sources */,
				B1397F16286AA57400C1071F /* ContentViewRow.swift in Sources */,
				B12D6C33287A493F00C59E68 /* LoginView.swift in Sources */,
				B1669DB4286B827200BED8CA /* CodeTextView.swift in Sources */,
				B128DE3E286A4667004AD7E2 /* ContentModel.swift in Sources */,
				B1397F0C286A646E00C1071F /* Models.swift in Sources */,
				B1669DEE286BB96800BED8CA /* RectangleCard.swift in Sources */,
				B1397F1F286AB35900C1071F /* Constants.swift in Sources */,
			);
			runOnlyForDeploymentPostprocessing = 0;
		};
/* End PBXSourcesBuildPhase section */

/* Begin XCBuildConfiguration section */
		B128DE33286A43FD004AD7E2 /* Debug */ = {
			isa = XCBuildConfiguration;
			buildSettings = {
				ALWAYS_SEARCH_USER_PATHS = NO;
				CLANG_ANALYZER_NONNULL = YES;
				CLANG_ANALYZER_NUMBER_OBJECT_CONVERSION = YES_AGGRESSIVE;
				CLANG_CXX_LANGUAGE_STANDARD = "gnu++17";
				CLANG_ENABLE_MODULES = YES;
				CLANG_ENABLE_OBJC_ARC = YES;
				CLANG_ENABLE_OBJC_WEAK = YES;
				CLANG_WARN_BLOCK_CAPTURE_AUTORELEASING = YES;
				CLANG_WARN_BOOL_CONVERSION = YES;
				CLANG_WARN_COMMA = YES;
				CLANG_WARN_CONSTANT_CONVERSION = YES;
				CLANG_WARN_DEPRECATED_OBJC_IMPLEMENTATIONS = YES;
				CLANG_WARN_DIRECT_OBJC_ISA_USAGE = YES_ERROR;
				CLANG_WARN_DOCUMENTATION_COMMENTS = YES;
				CLANG_WARN_EMPTY_BODY = YES;
				CLANG_WARN_ENUM_CONVERSION = YES;
				CLANG_WARN_INFINITE_RECURSION = YES;
				CLANG_WARN_INT_CONVERSION = YES;
				CLANG_WARN_NON_LITERAL_NULL_CONVERSION = YES;
				CLANG_WARN_OBJC_IMPLICIT_RETAIN_SELF = YES;
				CLANG_WARN_OBJC_LITERAL_CONVERSION = YES;
				CLANG_WARN_OBJC_ROOT_CLASS = YES_ERROR;
				CLANG_WARN_QUOTED_INCLUDE_IN_FRAMEWORK_HEADER = YES;
				CLANG_WARN_RANGE_LOOP_ANALYSIS = YES;
				CLANG_WARN_STRICT_PROTOTYPES = YES;
				CLANG_WARN_SUSPICIOUS_MOVE = YES;
				CLANG_WARN_UNGUARDED_AVAILABILITY = YES_AGGRESSIVE;
				CLANG_WARN_UNREACHABLE_CODE = YES;
				CLANG_WARN__DUPLICATE_METHOD_MATCH = YES;
				COPY_PHASE_STRIP = NO;
				DEBUG_INFORMATION_FORMAT = dwarf;
				ENABLE_STRICT_OBJC_MSGSEND = YES;
				ENABLE_TESTABILITY = YES;
				GCC_C_LANGUAGE_STANDARD = gnu11;
				GCC_DYNAMIC_NO_PIC = NO;
				GCC_NO_COMMON_BLOCKS = YES;
				GCC_OPTIMIZATION_LEVEL = 0;
				GCC_PREPROCESSOR_DEFINITIONS = (
					"DEBUG=1",
					"$(inherited)",
				);
				GCC_WARN_64_TO_32_BIT_CONVERSION = YES;
				GCC_WARN_ABOUT_RETURN_TYPE = YES_ERROR;
				GCC_WARN_UNDECLARED_SELECTOR = YES;
				GCC_WARN_UNINITIALIZED_AUTOS = YES_AGGRESSIVE;
				GCC_WARN_UNUSED_FUNCTION = YES;
				GCC_WARN_UNUSED_VARIABLE = YES;
				IPHONEOS_DEPLOYMENT_TARGET = 15.5;
				MTL_ENABLE_DEBUG_INFO = INCLUDE_SOURCE;
				MTL_FAST_MATH = YES;
				ONLY_ACTIVE_ARCH = YES;
				SDKROOT = iphoneos;
				SWIFT_ACTIVE_COMPILATION_CONDITIONS = DEBUG;
				SWIFT_OPTIMIZATION_LEVEL = "-Onone";
			};
			name = Debug;
		};
		B128DE34286A43FD004AD7E2 /* Release */ = {
			isa = XCBuildConfiguration;
			buildSettings = {
				ALWAYS_SEARCH_USER_PATHS = NO;
				CLANG_ANALYZER_NONNULL = YES;
				CLANG_ANALYZER_NUMBER_OBJECT_CONVERSION = YES_AGGRESSIVE;
				CLANG_CXX_LANGUAGE_STANDARD = "gnu++17";
				CLANG_ENABLE_MODULES = YES;
				CLANG_ENABLE_OBJC_ARC = YES;
				CLANG_ENABLE_OBJC_WEAK = YES;
				CLANG_WARN_BLOCK_CAPTURE_AUTORELEASING = YES;
				CLANG_WARN_BOOL_CONVERSION = YES;
				CLANG_WARN_COMMA = YES;
				CLANG_WARN_CONSTANT_CONVERSION = YES;
				CLANG_WARN_DEPRECATED_OBJC_IMPLEMENTATIONS = YES;
				CLANG_WARN_DIRECT_OBJC_ISA_USAGE = YES_ERROR;
				CLANG_WARN_DOCUMENTATION_COMMENTS = YES;
				CLANG_WARN_EMPTY_BODY = YES;
				CLANG_WARN_ENUM_CONVERSION = YES;
				CLANG_WARN_INFINITE_RECURSION = YES;
				CLANG_WARN_INT_CONVERSION = YES;
				CLANG_WARN_NON_LITERAL_NULL_CONVERSION = YES;
				CLANG_WARN_OBJC_IMPLICIT_RETAIN_SELF = YES;
				CLANG_WARN_OBJC_LITERAL_CONVERSION = YES;
				CLANG_WARN_OBJC_ROOT_CLASS = YES_ERROR;
				CLANG_WARN_QUOTED_INCLUDE_IN_FRAMEWORK_HEADER = YES;
				CLANG_WARN_RANGE_LOOP_ANALYSIS = YES;
				CLANG_WARN_STRICT_PROTOTYPES = YES;
				CLANG_WARN_SUSPICIOUS_MOVE = YES;
				CLANG_WARN_UNGUARDED_AVAILABILITY = YES_AGGRESSIVE;
				CLANG_WARN_UNREACHABLE_CODE = YES;
				CLANG_WARN__DUPLICATE_METHOD_MATCH = YES;
				COPY_PHASE_STRIP = NO;
				DEBUG_INFORMATION_FORMAT = "dwarf-with-dsym";
				ENABLE_NS_ASSERTIONS = NO;
				ENABLE_STRICT_OBJC_MSGSEND = YES;
				GCC_C_LANGUAGE_STANDARD = gnu11;
				GCC_NO_COMMON_BLOCKS = YES;
				GCC_WARN_64_TO_32_BIT_CONVERSION = YES;
				GCC_WARN_ABOUT_RETURN_TYPE = YES_ERROR;
				GCC_WARN_UNDECLARED_SELECTOR = YES;
				GCC_WARN_UNINITIALIZED_AUTOS = YES_AGGRESSIVE;
				GCC_WARN_UNUSED_FUNCTION = YES;
				GCC_WARN_UNUSED_VARIABLE = YES;
				IPHONEOS_DEPLOYMENT_TARGET = 15.5;
				MTL_ENABLE_DEBUG_INFO = NO;
				MTL_FAST_MATH = YES;
				SDKROOT = iphoneos;
				SWIFT_COMPILATION_MODE = wholemodule;
				SWIFT_OPTIMIZATION_LEVEL = "-O";
				VALIDATE_PRODUCT = YES;
			};
			name = Release;
		};
		B128DE36286A43FD004AD7E2 /* Debug */ = {
			isa = XCBuildConfiguration;
			baseConfigurationReference = B18440122DFF1515AD35571B /* Pods-LearningApp.debug.xcconfig */;
			buildSettings = {
				ASSETCATALOG_COMPILER_APPICON_NAME = AppIcon;
				ASSETCATALOG_COMPILER_GLOBAL_ACCENT_COLOR_NAME = AccentColor;
				CODE_SIGN_STYLE = Automatic;
				CURRENT_PROJECT_VERSION = 1;
				DEVELOPMENT_ASSET_PATHS = "\"LearningApp/Preview Content\"";
				DEVELOPMENT_TEAM = LXJRCQ692Q;
				ENABLE_PREVIEWS = YES;
				GENERATE_INFOPLIST_FILE = YES;
				INFOPLIST_KEY_UIApplicationSceneManifest_Generation = YES;
				INFOPLIST_KEY_UIApplicationSupportsIndirectInputEvents = YES;
				INFOPLIST_KEY_UILaunchScreen_Generation = YES;
				INFOPLIST_KEY_UISupportedInterfaceOrientations_iPad = "UIInterfaceOrientationPortrait UIInterfaceOrientationPortraitUpsideDown UIInterfaceOrientationLandscapeLeft UIInterfaceOrientationLandscapeRight";
				INFOPLIST_KEY_UISupportedInterfaceOrientations_iPhone = "UIInterfaceOrientationPortrait UIInterfaceOrientationLandscapeLeft UIInterfaceOrientationLandscapeRight";
				LD_RUNPATH_SEARCH_PATHS = (
					"$(inherited)",
					"@executable_path/Frameworks",
				);
				MARKETING_VERSION = 1.0;
				PRODUCT_BUNDLE_IDENTIFIER = com.tonydinh.LearningApp2;
				PRODUCT_NAME = "$(TARGET_NAME)";
				SWIFT_EMIT_LOC_STRINGS = YES;
				SWIFT_VERSION = 5.0;
				TARGETED_DEVICE_FAMILY = "1,2";
			};
			name = Debug;
		};
		B128DE37286A43FD004AD7E2 /* Release */ = {
			isa = XCBuildConfiguration;
			baseConfigurationReference = DCACDDCCB08B341D36681F64 /* Pods-LearningApp.release.xcconfig */;
			buildSettings = {
				ASSETCATALOG_COMPILER_APPICON_NAME = AppIcon;
				ASSETCATALOG_COMPILER_GLOBAL_ACCENT_COLOR_NAME = AccentColor;
				CODE_SIGN_STYLE = Automatic;
				CURRENT_PROJECT_VERSION = 1;
				DEVELOPMENT_ASSET_PATHS = "\"LearningApp/Preview Content\"";
				DEVELOPMENT_TEAM = LXJRCQ692Q;
				ENABLE_PREVIEWS = YES;
				GENERATE_INFOPLIST_FILE = YES;
				INFOPLIST_KEY_UIApplicationSceneManifest_Generation = YES;
				INFOPLIST_KEY_UIApplicationSupportsIndirectInputEvents = YES;
				INFOPLIST_KEY_UILaunchScreen_Generation = YES;
				INFOPLIST_KEY_UISupportedInterfaceOrientations_iPad = "UIInterfaceOrientationPortrait UIInterfaceOrientationPortraitUpsideDown UIInterfaceOrientationLandscapeLeft UIInterfaceOrientationLandscapeRight";
				INFOPLIST_KEY_UISupportedInterfaceOrientations_iPhone = "UIInterfaceOrientationPortrait UIInterfaceOrientationLandscapeLeft UIInterfaceOrientationLandscapeRight";
				LD_RUNPATH_SEARCH_PATHS = (
					"$(inherited)",
					"@executable_path/Frameworks",
				);
				MARKETING_VERSION = 1.0;
				PRODUCT_BUNDLE_IDENTIFIER = com.tonydinh.LearningApp2;
				PRODUCT_NAME = "$(TARGET_NAME)";
				SWIFT_EMIT_LOC_STRINGS = YES;
				SWIFT_VERSION = 5.0;
				TARGETED_DEVICE_FAMILY = "1,2";
			};
			name = Release;
		};
/* End XCBuildConfiguration section */

/* Begin XCConfigurationList section */
		B128DE22286A43FC004AD7E2 /* Build configuration list for PBXProject "LearningApp" */ = {
			isa = XCConfigurationList;
			buildConfigurations = (
				B128DE33286A43FD004AD7E2 /* Debug */,
				B128DE34286A43FD004AD7E2 /* Release */,
			);
			defaultConfigurationIsVisible = 0;
			defaultConfigurationName = Release;
		};
		B128DE35286A43FD004AD7E2 /* Build configuration list for PBXNativeTarget "LearningApp" */ = {
			isa = XCConfigurationList;
			buildConfigurations = (
				B128DE36286A43FD004AD7E2 /* Debug */,
				B128DE37286A43FD004AD7E2 /* Release */,
			);
			defaultConfigurationIsVisible = 0;
			defaultConfigurationName = Release;
		};
/* End XCConfigurationList section */
	};
	rootObject = B128DE1F286A43FC004AD7E2 /* Project object */;
}
